// !$*UTF8*$!
{
	archiveVersion = 1;
	classes = {
	};
	objectVersion = 50;
	objects = {

/* Begin PBXBuildFile section */
		5B497043266DBFEE00436BDD /* AppDelegate.swift in Sources */ = {isa = PBXBuildFile; fileRef = 5B497042266DBFEE00436BDD /* AppDelegate.swift */; };
		5B497045266DBFEE00436BDD /* GameScene.sks in Resources */ = {isa = PBXBuildFile; fileRef = 5B497044266DBFEE00436BDD /* GameScene.sks */; };
		5B497047266DBFEE00436BDD /* Actions.sks in Resources */ = {isa = PBXBuildFile; fileRef = 5B497046266DBFEE00436BDD /* Actions.sks */; };
		5B497049266DBFEE00436BDD /* GameScene.swift in Sources */ = {isa = PBXBuildFile; fileRef = 5B497048266DBFEE00436BDD /* GameScene.swift */; };
		5B49704B266DBFEE00436BDD /* GameViewController.swift in Sources */ = {isa = PBXBuildFile; fileRef = 5B49704A266DBFEE00436BDD /* GameViewController.swift */; };
		5B49704E266DBFEE00436BDD /* Main.storyboard in Resources */ = {isa = PBXBuildFile; fileRef = 5B49704C266DBFEE00436BDD /* Main.storyboard */; };
		5B497050266DBFEF00436BDD /* Assets.xcassets in Resources */ = {isa = PBXBuildFile; fileRef = 5B49704F266DBFEF00436BDD /* Assets.xcassets */; };
		5B49705B266DBFEF00436BDD /* Worlds_Hardest_GameTests.swift in Sources */ = {isa = PBXBuildFile; fileRef = 5B49705A266DBFEF00436BDD /* Worlds_Hardest_GameTests.swift */; };
		5B497066266DBFEF00436BDD /* Worlds_Hardest_GameUITests.swift in Sources */ = {isa = PBXBuildFile; fileRef = 5B497065266DBFEF00436BDD /* Worlds_Hardest_GameUITests.swift */; };
		5B497078266DC28A00436BDD /* PlayerStateMachine.swift in Sources */ = {isa = PBXBuildFile; fileRef = 5B497077266DC28A00436BDD /* PlayerStateMachine.swift */; };
		5B4D8292266DCB3800E0F899 /* Level1.swift in Sources */ = {isa = PBXBuildFile; fileRef = 5B4D8291266DCB3800E0F899 /* Level1.swift */; };
		5B4D8297266DD22B00E0F899 /* Level1.sks in Resources */ = {isa = PBXBuildFile; fileRef = 5B4D8296266DD22B00E0F899 /* Level1.sks */; };
		5B75AF3A266F1EAA000323EE /* BasicCode.swift in Sources */ = {isa = PBXBuildFile; fileRef = 5B75AF39266F1EAA000323EE /* BasicCode.swift */; };
		5B75AF3D266FCB47000323EE /* Level2.swift in Sources */ = {isa = PBXBuildFile; fileRef = 5B75AF3C266FCB47000323EE /* Level2.swift */; };
		5B7D7BCF267AFB420075207A /* Title.swift in Sources */ = {isa = PBXBuildFile; fileRef = 5B7D7BCE267AFB420075207A /* Title.swift */; };
		5B7D7BD1267AFB4A0075207A /* GameOver.swift in Sources */ = {isa = PBXBuildFile; fileRef = 5B7D7BD0267AFB4A0075207A /* GameOver.swift */; };
		5B7D7BD3267AFB5A0075207A /* Title.sks in Resources */ = {isa = PBXBuildFile; fileRef = 5B7D7BD2267AFB5A0075207A /* Title.sks */; };
		5B7D7BD5267AFB630075207A /* GameOver.sks in Resources */ = {isa = PBXBuildFile; fileRef = 5B7D7BD4267AFB630075207A /* GameOver.sks */; };
		5B7D7BD7267B07630075207A /* Win.swift in Sources */ = {isa = PBXBuildFile; fileRef = 5B7D7BD6267B07630075207A /* Win.swift */; };
		5B7D7BD9267B076E0075207A /* Win.sks in Resources */ = {isa = PBXBuildFile; fileRef = 5B7D7BD8267B076E0075207A /* Win.sks */; };
		5B8597E0266FD08B00372912 /* Level2.sks in Resources */ = {isa = PBXBuildFile; fileRef = 5B8597DF266FD08B00372912 /* Level2.sks */; };
		5B8597FA2670000800372912 /* Level8.sks in Resources */ = {isa = PBXBuildFile; fileRef = 5B8597E32670000700372912 /* Level8.sks */; };
		5B8597FB2670000800372912 /* Level8.swift in Sources */ = {isa = PBXBuildFile; fileRef = 5B8597E42670000700372912 /* Level8.swift */; };
		5B8597FC2670000800372912 /* Level6.swift in Sources */ = {isa = PBXBuildFile; fileRef = 5B8597E62670000700372912 /* Level6.swift */; };
		5B8597FD2670000800372912 /* Level6.sks in Resources */ = {isa = PBXBuildFile; fileRef = 5B8597E72670000700372912 /* Level6.sks */; };
		5B8597FE2670000800372912 /* Level9.sks in Resources */ = {isa = PBXBuildFile; fileRef = 5B8597E92670000700372912 /* Level9.sks */; };
		5B8597FF2670000800372912 /* Level9.swift in Sources */ = {isa = PBXBuildFile; fileRef = 5B8597EA2670000700372912 /* Level9.swift */; };
		5B8598002670000800372912 /* Level10.sks in Resources */ = {isa = PBXBuildFile; fileRef = 5B8597EC2670000700372912 /* Level10.sks */; };
		5B8598012670000800372912 /* Level10.swift in Sources */ = {isa = PBXBuildFile; fileRef = 5B8597ED2670000700372912 /* Level10.swift */; };
		5B8598022670000800372912 /* Level3.swift in Sources */ = {isa = PBXBuildFile; fileRef = 5B8597EF2670000700372912 /* Level3.swift */; };
		5B8598032670000800372912 /* Level3.sks in Resources */ = {isa = PBXBuildFile; fileRef = 5B8597F02670000700372912 /* Level3.sks */; };
		5B8598042670000800372912 /* Level4.swift in Sources */ = {isa = PBXBuildFile; fileRef = 5B8597F22670000700372912 /* Level4.swift */; };
		5B8598052670000800372912 /* Level4.sks in Resources */ = {isa = PBXBuildFile; fileRef = 5B8597F32670000700372912 /* Level4.sks */; };
		5B8598062670000800372912 /* Level5.swift in Sources */ = {isa = PBXBuildFile; fileRef = 5B8597F52670000800372912 /* Level5.swift */; };
		5B8598072670000800372912 /* Level5.sks in Resources */ = {isa = PBXBuildFile; fileRef = 5B8597F62670000800372912 /* Level5.sks */; };
		5B8598082670000800372912 /* Level7.swift in Sources */ = {isa = PBXBuildFile; fileRef = 5B8597F82670000800372912 /* Level7.swift */; };
		5B8598092670000800372912 /* Level7.sks in Resources */ = {isa = PBXBuildFile; fileRef = 5B8597F92670000800372912 /* Level7.sks */; };
		5BC45DBD267EEAC100C26BC0 /* helper.swift in Sources */ = {isa = PBXBuildFile; fileRef = 5BC45DBC267EEAC100C26BC0 /* helper.swift */; };
		5BC45DC1267EF0DB00C26BC0 /* Dungeon Vibe.mp3 in Resources */ = {isa = PBXBuildFile; fileRef = 5BC45DBE267EF0DA00C26BC0 /* Dungeon Vibe.mp3 */; };
		5BC45DC2267EF0DB00C26BC0 /* Next Level.mp3 in Resources */ = {isa = PBXBuildFile; fileRef = 5BC45DBF267EF0DB00C26BC0 /* Next Level.mp3 */; };
		5BC45DC3267EF0DB00C26BC0 /* Life Lost.mp3 in Resources */ = {isa = PBXBuildFile; fileRef = 5BC45DC0267EF0DB00C26BC0 /* Life Lost.mp3 */; };
/* End PBXBuildFile section */

/* Begin PBXContainerItemProxy section */
		5B497057266DBFEF00436BDD /* PBXContainerItemProxy */ = {
			isa = PBXContainerItemProxy;
			containerPortal = 5B497037266DBFEE00436BDD /* Project object */;
			proxyType = 1;
			remoteGlobalIDString = 5B49703E266DBFEE00436BDD;
			remoteInfo = "Worlds Hardest Game";
		};
		5B497062266DBFEF00436BDD /* PBXContainerItemProxy */ = {
			isa = PBXContainerItemProxy;
			containerPortal = 5B497037266DBFEE00436BDD /* Project object */;
			proxyType = 1;
			remoteGlobalIDString = 5B49703E266DBFEE00436BDD;
			remoteInfo = "Worlds Hardest Game";
		};
/* End PBXContainerItemProxy section */

/* Begin PBXFileReference section */
		5B49703F266DBFEE00436BDD /* Worlds Hardest Game.app */ = {isa = PBXFileReference; explicitFileType = wrapper.application; includeInIndex = 0; path = "Worlds Hardest Game.app"; sourceTree = BUILT_PRODUCTS_DIR; };
		5B497042266DBFEE00436BDD /* AppDelegate.swift */ = {isa = PBXFileReference; lastKnownFileType = sourcecode.swift; path = AppDelegate.swift; sourceTree = "<group>"; };
		5B497044266DBFEE00436BDD /* GameScene.sks */ = {isa = PBXFileReference; lastKnownFileType = file.sks; path = GameScene.sks; sourceTree = "<group>"; };
		5B497046266DBFEE00436BDD /* Actions.sks */ = {isa = PBXFileReference; lastKnownFileType = file.sks; path = Actions.sks; sourceTree = "<group>"; };
		5B497048266DBFEE00436BDD /* GameScene.swift */ = {isa = PBXFileReference; lastKnownFileType = sourcecode.swift; path = GameScene.swift; sourceTree = "<group>"; };
		5B49704A266DBFEE00436BDD /* GameViewController.swift */ = {isa = PBXFileReference; lastKnownFileType = sourcecode.swift; path = GameViewController.swift; sourceTree = "<group>"; };
		5B49704D266DBFEE00436BDD /* Base */ = {isa = PBXFileReference; lastKnownFileType = file.storyboard; name = Base; path = Base.lproj/Main.storyboard; sourceTree = "<group>"; };
		5B49704F266DBFEF00436BDD /* Assets.xcassets */ = {isa = PBXFileReference; lastKnownFileType = folder.assetcatalog; path = Assets.xcassets; sourceTree = "<group>"; };
		5B497051266DBFEF00436BDD /* Info.plist */ = {isa = PBXFileReference; lastKnownFileType = text.plist.xml; path = Info.plist; sourceTree = "<group>"; };
		5B497056266DBFEF00436BDD /* Worlds Hardest GameTests.xctest */ = {isa = PBXFileReference; explicitFileType = wrapper.cfbundle; includeInIndex = 0; path = "Worlds Hardest GameTests.xctest"; sourceTree = BUILT_PRODUCTS_DIR; };
		5B49705A266DBFEF00436BDD /* Worlds_Hardest_GameTests.swift */ = {isa = PBXFileReference; lastKnownFileType = sourcecode.swift; path = Worlds_Hardest_GameTests.swift; sourceTree = "<group>"; };
		5B49705C266DBFEF00436BDD /* Info.plist */ = {isa = PBXFileReference; lastKnownFileType = text.plist.xml; path = Info.plist; sourceTree = "<group>"; };
		5B497061266DBFEF00436BDD /* Worlds Hardest GameUITests.xctest */ = {isa = PBXFileReference; explicitFileType = wrapper.cfbundle; includeInIndex = 0; path = "Worlds Hardest GameUITests.xctest"; sourceTree = BUILT_PRODUCTS_DIR; };
		5B497065266DBFEF00436BDD /* Worlds_Hardest_GameUITests.swift */ = {isa = PBXFileReference; lastKnownFileType = sourcecode.swift; path = Worlds_Hardest_GameUITests.swift; sourceTree = "<group>"; };
		5B497067266DBFEF00436BDD /* Info.plist */ = {isa = PBXFileReference; lastKnownFileType = text.plist.xml; path = Info.plist; sourceTree = "<group>"; };
		5B497077266DC28A00436BDD /* PlayerStateMachine.swift */ = {isa = PBXFileReference; fileEncoding = 4; lastKnownFileType = sourcecode.swift; path = PlayerStateMachine.swift; sourceTree = "<group>"; };
		5B4D8291266DCB3800E0F899 /* Level1.swift */ = {isa = PBXFileReference; lastKnownFileType = sourcecode.swift; path = Level1.swift; sourceTree = "<group>"; };
		5B4D8296266DD22B00E0F899 /* Level1.sks */ = {isa = PBXFileReference; lastKnownFileType = file.sks; path = Level1.sks; sourceTree = "<group>"; };
		5B75AF39266F1EAA000323EE /* BasicCode.swift */ = {isa = PBXFileReference; lastKnownFileType = sourcecode.swift; path = BasicCode.swift; sourceTree = "<group>"; };
		5B75AF3C266FCB47000323EE /* Level2.swift */ = {isa = PBXFileReference; lastKnownFileType = sourcecode.swift; path = Level2.swift; sourceTree = "<group>"; };
		5B7D7BCE267AFB420075207A /* Title.swift */ = {isa = PBXFileReference; lastKnownFileType = sourcecode.swift; path = Title.swift; sourceTree = "<group>"; };
		5B7D7BD0267AFB4A0075207A /* GameOver.swift */ = {isa = PBXFileReference; lastKnownFileType = sourcecode.swift; path = GameOver.swift; sourceTree = "<group>"; };
		5B7D7BD2267AFB5A0075207A /* Title.sks */ = {isa = PBXFileReference; lastKnownFileType = file.sks; path = Title.sks; sourceTree = "<group>"; };
		5B7D7BD4267AFB630075207A /* GameOver.sks */ = {isa = PBXFileReference; lastKnownFileType = file.sks; path = GameOver.sks; sourceTree = "<group>"; };
		5B7D7BD6267B07630075207A /* Win.swift */ = {isa = PBXFileReference; lastKnownFileType = sourcecode.swift; path = Win.swift; sourceTree = "<group>"; };
		5B7D7BD8267B076E0075207A /* Win.sks */ = {isa = PBXFileReference; lastKnownFileType = file.sks; path = Win.sks; sourceTree = "<group>"; };
		5B7D7BDA267BB4C70075207A /* Worlds Hardest Game.entitlements */ = {isa = PBXFileReference; lastKnownFileType = text.plist.entitlements; path = "Worlds Hardest Game.entitlements"; sourceTree = "<group>"; };
		5B8597DF266FD08B00372912 /* Level2.sks */ = {isa = PBXFileReference; lastKnownFileType = file.sks; path = Level2.sks; sourceTree = "<group>"; };
		5B8597E32670000700372912 /* Level8.sks */ = {isa = PBXFileReference; lastKnownFileType = file.sks; path = Level8.sks; sourceTree = "<group>"; };
		5B8597E42670000700372912 /* Level8.swift */ = {isa = PBXFileReference; fileEncoding = 4; lastKnownFileType = sourcecode.swift; path = Level8.swift; sourceTree = "<group>"; };
		5B8597E62670000700372912 /* Level6.swift */ = {isa = PBXFileReference; fileEncoding = 4; lastKnownFileType = sourcecode.swift; path = Level6.swift; sourceTree = "<group>"; };
		5B8597E72670000700372912 /* Level6.sks */ = {isa = PBXFileReference; lastKnownFileType = file.sks; path = Level6.sks; sourceTree = "<group>"; };
		5B8597E92670000700372912 /* Level9.sks */ = {isa = PBXFileReference; lastKnownFileType = file.sks; path = Level9.sks; sourceTree = "<group>"; };
		5B8597EA2670000700372912 /* Level9.swift */ = {isa = PBXFileReference; fileEncoding = 4; lastKnownFileType = sourcecode.swift; path = Level9.swift; sourceTree = "<group>"; };
		5B8597EC2670000700372912 /* Level10.sks */ = {isa = PBXFileReference; lastKnownFileType = file.sks; path = Level10.sks; sourceTree = "<group>"; };
		5B8597ED2670000700372912 /* Level10.swift */ = {isa = PBXFileReference; fileEncoding = 4; lastKnownFileType = sourcecode.swift; path = Level10.swift; sourceTree = "<group>"; };
		5B8597EF2670000700372912 /* Level3.swift */ = {isa = PBXFileReference; fileEncoding = 4; lastKnownFileType = sourcecode.swift; path = Level3.swift; sourceTree = "<group>"; };
		5B8597F02670000700372912 /* Level3.sks */ = {isa = PBXFileReference; lastKnownFileType = file.sks; path = Level3.sks; sourceTree = "<group>"; };
		5B8597F22670000700372912 /* Level4.swift */ = {isa = PBXFileReference; fileEncoding = 4; lastKnownFileType = sourcecode.swift; path = Level4.swift; sourceTree = "<group>"; };
		5B8597F32670000700372912 /* Level4.sks */ = {isa = PBXFileReference; lastKnownFileType = file.sks; path = Level4.sks; sourceTree = "<group>"; };
		5B8597F52670000800372912 /* Level5.swift */ = {isa = PBXFileReference; fileEncoding = 4; lastKnownFileType = sourcecode.swift; path = Level5.swift; sourceTree = "<group>"; };
		5B8597F62670000800372912 /* Level5.sks */ = {isa = PBXFileReference; lastKnownFileType = file.sks; path = Level5.sks; sourceTree = "<group>"; };
		5B8597F82670000800372912 /* Level7.swift */ = {isa = PBXFileReference; fileEncoding = 4; lastKnownFileType = sourcecode.swift; path = Level7.swift; sourceTree = "<group>"; };
		5B8597F92670000800372912 /* Level7.sks */ = {isa = PBXFileReference; lastKnownFileType = file.sks; path = Level7.sks; sourceTree = "<group>"; };
		5BC45DBC267EEAC100C26BC0 /* helper.swift */ = {isa = PBXFileReference; lastKnownFileType = sourcecode.swift; path = helper.swift; sourceTree = "<group>"; };
		5BC45DBE267EF0DA00C26BC0 /* Dungeon Vibe.mp3 */ = {isa = PBXFileReference; lastKnownFileType = audio.mp3; path = "Dungeon Vibe.mp3"; sourceTree = "<group>"; };
		5BC45DBF267EF0DB00C26BC0 /* Next Level.mp3 */ = {isa = PBXFileReference; lastKnownFileType = audio.mp3; path = "Next Level.mp3"; sourceTree = "<group>"; };
		5BC45DC0267EF0DB00C26BC0 /* Life Lost.mp3 */ = {isa = PBXFileReference; lastKnownFileType = audio.mp3; path = "Life Lost.mp3"; sourceTree = "<group>"; };
/* End PBXFileReference section */

/* Begin PBXFrameworksBuildPhase section */
		5B49703C266DBFEE00436BDD /* Frameworks */ = {
			isa = PBXFrameworksBuildPhase;
			buildActionMask = 2147483647;
			files = (
			);
			runOnlyForDeploymentPostprocessing = 0;
		};
		5B497053266DBFEF00436BDD /* Frameworks */ = {
			isa = PBXFrameworksBuildPhase;
			buildActionMask = 2147483647;
			files = (
			);
			runOnlyForDeploymentPostprocessing = 0;
		};
		5B49705E266DBFEF00436BDD /* Frameworks */ = {
			isa = PBXFrameworksBuildPhase;
			buildActionMask = 2147483647;
			files = (
			);
			runOnlyForDeploymentPostprocessing = 0;
		};
/* End PBXFrameworksBuildPhase section */

/* Begin PBXGroup section */
		5B497036266DBFEE00436BDD = {
			isa = PBXGroup;
			children = (
				5B497041266DBFEE00436BDD /* Worlds Hardest Game */,
				5B497059266DBFEF00436BDD /* Worlds Hardest GameTests */,
				5B497064266DBFEF00436BDD /* Worlds Hardest GameUITests */,
				5B497040266DBFEE00436BDD /* Products */,
			);
			sourceTree = "<group>";
		};
		5B497040266DBFEE00436BDD /* Products */ = {
			isa = PBXGroup;
			children = (
				5B49703F266DBFEE00436BDD /* Worlds Hardest Game.app */,
				5B497056266DBFEF00436BDD /* Worlds Hardest GameTests.xctest */,
				5B497061266DBFEF00436BDD /* Worlds Hardest GameUITests.xctest */,
			);
			name = Products;
			sourceTree = "<group>";
		};
		5B497041266DBFEE00436BDD /* Worlds Hardest Game */ = {
			isa = PBXGroup;
			children = (
				5B7D7BDA267BB4C70075207A /* Worlds Hardest Game.entitlements */,
				5B4D8285266DCAF700E0F899 /* Levels */,
				5B49707C266DC8DE00436BDD /* Basic Layout */,
				5B497076266DC28A00436BDD /* Player States */,
				5B497042266DBFEE00436BDD /* AppDelegate.swift */,
				5B497046266DBFEE00436BDD /* Actions.sks */,
				5B49704A266DBFEE00436BDD /* GameViewController.swift */,
				5B49704C266DBFEE00436BDD /* Main.storyboard */,
				5B49704F266DBFEF00436BDD /* Assets.xcassets */,
				5B497051266DBFEF00436BDD /* Info.plist */,
			);
			path = "Worlds Hardest Game";
			sourceTree = "<group>";
		};
		5B497059266DBFEF00436BDD /* Worlds Hardest GameTests */ = {
			isa = PBXGroup;
			children = (
				5B49705A266DBFEF00436BDD /* Worlds_Hardest_GameTests.swift */,
				5B49705C266DBFEF00436BDD /* Info.plist */,
			);
			path = "Worlds Hardest GameTests";
			sourceTree = "<group>";
		};
		5B497064266DBFEF00436BDD /* Worlds Hardest GameUITests */ = {
			isa = PBXGroup;
			children = (
				5B497065266DBFEF00436BDD /* Worlds_Hardest_GameUITests.swift */,
				5B497067266DBFEF00436BDD /* Info.plist */,
			);
			path = "Worlds Hardest GameUITests";
			sourceTree = "<group>";
		};
		5B497076266DC28A00436BDD /* Player States */ = {
			isa = PBXGroup;
			children = (
				5B497077266DC28A00436BDD /* PlayerStateMachine.swift */,
			);
			path = "Player States";
			sourceTree = "<group>";
		};
		5B49707C266DC8DE00436BDD /* Basic Layout */ = {
			isa = PBXGroup;
			children = (
				5B497044266DBFEE00436BDD /* GameScene.sks */,
				5B497048266DBFEE00436BDD /* GameScene.swift */,
			);
			path = "Basic Layout";
			sourceTree = "<group>";
		};
		5B4D8285266DCAF700E0F899 /* Levels */ = {
			isa = PBXGroup;
			children = (
				5BC45DBB267EEAB500C26BC0 /* Helpers */,
				5BC45DB4267EE5F800C26BC0 /* Music */,
				5B7D7BCD267AFB2C0075207A /* Main Scenes */,
				5B75AF38266F1E9A000323EE /* Basic Copy Code */,
				5B4D8290266DCB3000E0F899 /* Level 1 */,
				5B75AF3B266FCB38000323EE /* Level 2 */,
				5B8597EE2670000700372912 /* Level 3 */,
				5B8597F12670000700372912 /* Level 4 */,
				5B8597F42670000800372912 /* Level 5 */,
				5B8597E52670000700372912 /* Level 6 */,
				5B8597F72670000800372912 /* Level 7 */,
				5B8597E22670000700372912 /* Level 8 */,
				5B8597E82670000700372912 /* Level 9 */,
				5B8597EB2670000700372912 /* Level 10 */,
			);
			path = Levels;
			sourceTree = "<group>";
		};
		5B4D8290266DCB3000E0F899 /* Level 1 */ = {
			isa = PBXGroup;
			children = (
				5B4D8291266DCB3800E0F899 /* Level1.swift */,
				5B4D8296266DD22B00E0F899 /* Level1.sks */,
			);
			path = "Level 1";
			sourceTree = "<group>";
		};
		5B75AF38266F1E9A000323EE /* Basic Copy Code */ = {
			isa = PBXGroup;
			children = (
				5B75AF39266F1EAA000323EE /* BasicCode.swift */,
			);
			path = "Basic Copy Code";
			sourceTree = "<group>";
		};
		5B75AF3B266FCB38000323EE /* Level 2 */ = {
			isa = PBXGroup;
			children = (
				5B75AF3C266FCB47000323EE /* Level2.swift */,
				5B8597DF266FD08B00372912 /* Level2.sks */,
			);
			path = "Level 2";
			sourceTree = "<group>";
		};
		5B7D7BCD267AFB2C0075207A /* Main Scenes */ = {
			isa = PBXGroup;
			children = (
				5B7D7BCE267AFB420075207A /* Title.swift */,
				5B7D7BD0267AFB4A0075207A /* GameOver.swift */,
				5B7D7BD2267AFB5A0075207A /* Title.sks */,
				5B7D7BD4267AFB630075207A /* GameOver.sks */,
				5B7D7BD6267B07630075207A /* Win.swift */,
				5B7D7BD8267B076E0075207A /* Win.sks */,
			);
			path = "Main Scenes";
			sourceTree = "<group>";
		};
		5B8597E22670000700372912 /* Level 8 */ = {
			isa = PBXGroup;
			children = (
				5B8597E32670000700372912 /* Level8.sks */,
				5B8597E42670000700372912 /* Level8.swift */,
			);
			name = "Level 8";
			path = "Worlds Hardest Game/Levels/Level 8";
			sourceTree = SOURCE_ROOT;
		};
		5B8597E52670000700372912 /* Level 6 */ = {
			isa = PBXGroup;
			children = (
				5B8597E62670000700372912 /* Level6.swift */,
				5B8597E72670000700372912 /* Level6.sks */,
			);
			name = "Level 6";
			path = "Worlds Hardest Game/Levels/Level 6";
			sourceTree = SOURCE_ROOT;
		};
		5B8597E82670000700372912 /* Level 9 */ = {
			isa = PBXGroup;
			children = (
				5B8597E92670000700372912 /* Level9.sks */,
				5B8597EA2670000700372912 /* Level9.swift */,
			);
			name = "Level 9";
			path = "Worlds Hardest Game/Levels/Level 9";
			sourceTree = SOURCE_ROOT;
		};
		5B8597EB2670000700372912 /* Level 10 */ = {
			isa = PBXGroup;
			children = (
				5B8597EC2670000700372912 /* Level10.sks */,
				5B8597ED2670000700372912 /* Level10.swift */,
			);
			name = "Level 10";
			path = "Worlds Hardest Game/Levels/Level 10";
			sourceTree = SOURCE_ROOT;
		};
		5B8597EE2670000700372912 /* Level 3 */ = {
			isa = PBXGroup;
			children = (
				5B8597EF2670000700372912 /* Level3.swift */,
				5B8597F02670000700372912 /* Level3.sks */,
			);
			name = "Level 3";
			path = "Worlds Hardest Game/Levels/Level 3";
			sourceTree = SOURCE_ROOT;
		};
		5B8597F12670000700372912 /* Level 4 */ = {
			isa = PBXGroup;
			children = (
				5B8597F22670000700372912 /* Level4.swift */,
				5B8597F32670000700372912 /* Level4.sks */,
			);
			name = "Level 4";
			path = "Worlds Hardest Game/Levels/Level 4";
			sourceTree = SOURCE_ROOT;
		};
		5B8597F42670000800372912 /* Level 5 */ = {
			isa = PBXGroup;
			children = (
				5B8597F52670000800372912 /* Level5.swift */,
				5B8597F62670000800372912 /* Level5.sks */,
			);
			name = "Level 5";
			path = "Worlds Hardest Game/Levels/Level 5";
			sourceTree = SOURCE_ROOT;
		};
		5B8597F72670000800372912 /* Level 7 */ = {
			isa = PBXGroup;
			children = (
				5B8597F82670000800372912 /* Level7.swift */,
				5B8597F92670000800372912 /* Level7.sks */,
			);
			name = "Level 7";
			path = "Worlds Hardest Game/Levels/Level 7";
			sourceTree = SOURCE_ROOT;
		};
		5BC45DB4267EE5F800C26BC0 /* Music */ = {
			isa = PBXGroup;
			children = (
				5BC45DBE267EF0DA00C26BC0 /* Dungeon Vibe.mp3 */,
				5BC45DC0267EF0DB00C26BC0 /* Life Lost.mp3 */,
				5BC45DBF267EF0DB00C26BC0 /* Next Level.mp3 */,
			);
			path = Music;
			sourceTree = "<group>";
		};
		5BC45DBB267EEAB500C26BC0 /* Helpers */ = {
			isa = PBXGroup;
			children = (
				5BC45DBC267EEAC100C26BC0 /* helper.swift */,
			);
			path = Helpers;
			sourceTree = "<group>";
		};
/* End PBXGroup section */

/* Begin PBXNativeTarget section */
		5B49703E266DBFEE00436BDD /* Worlds Hardest Game */ = {
			isa = PBXNativeTarget;
			buildConfigurationList = 5B49706A266DBFEF00436BDD /* Build configuration list for PBXNativeTarget "Worlds Hardest Game" */;
			buildPhases = (
				5B49703B266DBFEE00436BDD /* Sources */,
				5B49703C266DBFEE00436BDD /* Frameworks */,
				5B49703D266DBFEE00436BDD /* Resources */,
			);
			buildRules = (
			);
			dependencies = (
			);
			name = "Worlds Hardest Game";
			productName = "Worlds Hardest Game";
			productReference = 5B49703F266DBFEE00436BDD /* Worlds Hardest Game.app */;
			productType = "com.apple.product-type.application";
		};
		5B497055266DBFEF00436BDD /* Worlds Hardest GameTests */ = {
			isa = PBXNativeTarget;
			buildConfigurationList = 5B49706D266DBFEF00436BDD /* Build configuration list for PBXNativeTarget "Worlds Hardest GameTests" */;
			buildPhases = (
				5B497052266DBFEF00436BDD /* Sources */,
				5B497053266DBFEF00436BDD /* Frameworks */,
				5B497054266DBFEF00436BDD /* Resources */,
			);
			buildRules = (
			);
			dependencies = (
				5B497058266DBFEF00436BDD /* PBXTargetDependency */,
			);
			name = "Worlds Hardest GameTests";
			productName = "Worlds Hardest GameTests";
			productReference = 5B497056266DBFEF00436BDD /* Worlds Hardest GameTests.xctest */;
			productType = "com.apple.product-type.bundle.unit-test";
		};
		5B497060266DBFEF00436BDD /* Worlds Hardest GameUITests */ = {
			isa = PBXNativeTarget;
			buildConfigurationList = 5B497070266DBFEF00436BDD /* Build configuration list for PBXNativeTarget "Worlds Hardest GameUITests" */;
			buildPhases = (
				5B49705D266DBFEF00436BDD /* Sources */,
				5B49705E266DBFEF00436BDD /* Frameworks */,
				5B49705F266DBFEF00436BDD /* Resources */,
			);
			buildRules = (
			);
			dependencies = (
				5B497063266DBFEF00436BDD /* PBXTargetDependency */,
			);
			name = "Worlds Hardest GameUITests";
			productName = "Worlds Hardest GameUITests";
			productReference = 5B497061266DBFEF00436BDD /* Worlds Hardest GameUITests.xctest */;
			productType = "com.apple.product-type.bundle.ui-testing";
		};
/* End PBXNativeTarget section */

/* Begin PBXProject section */
		5B497037266DBFEE00436BDD /* Project object */ = {
			isa = PBXProject;
			attributes = {
				LastSwiftUpdateCheck = 1240;
				LastUpgradeCheck = 1240;
				TargetAttributes = {
					5B49703E266DBFEE00436BDD = {
						CreatedOnToolsVersion = 12.4;
					};
					5B497055266DBFEF00436BDD = {
						CreatedOnToolsVersion = 12.4;
						TestTargetID = 5B49703E266DBFEE00436BDD;
					};
					5B497060266DBFEF00436BDD = {
						CreatedOnToolsVersion = 12.4;
						TestTargetID = 5B49703E266DBFEE00436BDD;
					};
				};
			};
			buildConfigurationList = 5B49703A266DBFEE00436BDD /* Build configuration list for PBXProject "Worlds Hardest Game" */;
			compatibilityVersion = "Xcode 9.3";
			developmentRegion = en;
			hasScannedForEncodings = 0;
			knownRegions = (
				en,
				Base,
			);
			mainGroup = 5B497036266DBFEE00436BDD;
			productRefGroup = 5B497040266DBFEE00436BDD /* Products */;
			projectDirPath = "";
			projectRoot = "";
			targets = (
				5B49703E266DBFEE00436BDD /* Worlds Hardest Game */,
				5B497055266DBFEF00436BDD /* Worlds Hardest GameTests */,
				5B497060266DBFEF00436BDD /* Worlds Hardest GameUITests */,
			);
		};
/* End PBXProject section */

/* Begin PBXResourcesBuildPhase section */
		5B49703D266DBFEE00436BDD /* Resources */ = {
			isa = PBXResourcesBuildPhase;
			buildActionMask = 2147483647;
			files = (
				5B7D7BD3267AFB5A0075207A /* Title.sks in Resources */,
				5B7D7BD5267AFB630075207A /* GameOver.sks in Resources */,
				5B8598092670000800372912 /* Level7.sks in Resources */,
				5B49704E266DBFEE00436BDD /* Main.storyboard in Resources */,
				5BC45DC1267EF0DB00C26BC0 /* Dungeon Vibe.mp3 in Resources */,
				5BC45DC3267EF0DB00C26BC0 /* Life Lost.mp3 in Resources */,
				5B8597E0266FD08B00372912 /* Level2.sks in Resources */,
				5B497045266DBFEE00436BDD /* GameScene.sks in Resources */,
				5B497050266DBFEF00436BDD /* Assets.xcassets in Resources */,
				5B497047266DBFEE00436BDD /* Actions.sks in Resources */,
				5B8598052670000800372912 /* Level4.sks in Resources */,
				5B4D8297266DD22B00E0F899 /* Level1.sks in Resources */,
				5B8597FE2670000800372912 /* Level9.sks in Resources */,
				5B8597FA2670000800372912 /* Level8.sks in Resources */,
				5B8597FD2670000800372912 /* Level6.sks in Resources */,
				5B7D7BD9267B076E0075207A /* Win.sks in Resources */,
				5B8598002670000800372912 /* Level10.sks in Resources */,
				5B8598032670000800372912 /* Level3.sks in Resources */,
				5BC45DC2267EF0DB00C26BC0 /* Next Level.mp3 in Resources */,
				5B8598072670000800372912 /* Level5.sks in Resources */,
			);
			runOnlyForDeploymentPostprocessing = 0;
		};
		5B497054266DBFEF00436BDD /* Resources */ = {
			isa = PBXResourcesBuildPhase;
			buildActionMask = 2147483647;
			files = (
			);
			runOnlyForDeploymentPostprocessing = 0;
		};
		5B49705F266DBFEF00436BDD /* Resources */ = {
			isa = PBXResourcesBuildPhase;
			buildActionMask = 2147483647;
			files = (
			);
			runOnlyForDeploymentPostprocessing = 0;
		};
/* End PBXResourcesBuildPhase section */

/* Begin PBXSourcesBuildPhase section */
		5B49703B266DBFEE00436BDD /* Sources */ = {
			isa = PBXSourcesBuildPhase;
			buildActionMask = 2147483647;
			files = (
				5B7D7BD7267B07630075207A /* Win.swift in Sources */,
				5B8598082670000800372912 /* Level7.swift in Sources */,
				5B8597FF2670000800372912 /* Level9.swift in Sources */,
				5B8597FC2670000800372912 /* Level6.swift in Sources */,
				5B4D8292266DCB3800E0F899 /* Level1.swift in Sources */,
				5B75AF3A266F1EAA000323EE /* BasicCode.swift in Sources */,
				5BC45DBD267EEAC100C26BC0 /* helper.swift in Sources */,
				5B8598012670000800372912 /* Level10.swift in Sources */,
				5B497049266DBFEE00436BDD /* GameScene.swift in Sources */,
				5B8598062670000800372912 /* Level5.swift in Sources */,
				5B7D7BCF267AFB420075207A /* Title.swift in Sources */,
				5B7D7BD1267AFB4A0075207A /* GameOver.swift in Sources */,
				5B8598022670000800372912 /* Level3.swift in Sources */,
				5B49704B266DBFEE00436BDD /* GameViewController.swift in Sources */,
				5B497078266DC28A00436BDD /* PlayerStateMachine.swift in Sources */,
				5B8598042670000800372912 /* Level4.swift in Sources */,
				5B75AF3D266FCB47000323EE /* Level2.swift in Sources */,
				5B497043266DBFEE00436BDD /* AppDelegate.swift in Sources */,
				5B8597FB2670000800372912 /* Level8.swift in Sources */,
			);
			runOnlyForDeploymentPostprocessing = 0;
		};
		5B497052266DBFEF00436BDD /* Sources */ = {
			isa = PBXSourcesBuildPhase;
			buildActionMask = 2147483647;
			files = (
				5B49705B266DBFEF00436BDD /* Worlds_Hardest_GameTests.swift in Sources */,
			);
			runOnlyForDeploymentPostprocessing = 0;
		};
		5B49705D266DBFEF00436BDD /* Sources */ = {
			isa = PBXSourcesBuildPhase;
			buildActionMask = 2147483647;
			files = (
				5B497066266DBFEF00436BDD /* Worlds_Hardest_GameUITests.swift in Sources */,
			);
			runOnlyForDeploymentPostprocessing = 0;
		};
/* End PBXSourcesBuildPhase section */

/* Begin PBXTargetDependency section */
		5B497058266DBFEF00436BDD /* PBXTargetDependency */ = {
			isa = PBXTargetDependency;
			target = 5B49703E266DBFEE00436BDD /* Worlds Hardest Game */;
			targetProxy = 5B497057266DBFEF00436BDD /* PBXContainerItemProxy */;
		};
		5B497063266DBFEF00436BDD /* PBXTargetDependency */ = {
			isa = PBXTargetDependency;
			target = 5B49703E266DBFEE00436BDD /* Worlds Hardest Game */;
			targetProxy = 5B497062266DBFEF00436BDD /* PBXContainerItemProxy */;
		};
/* End PBXTargetDependency section */

/* Begin PBXVariantGroup section */
		5B49704C266DBFEE00436BDD /* Main.storyboard */ = {
			isa = PBXVariantGroup;
			children = (
				5B49704D266DBFEE00436BDD /* Base */,
			);
			name = Main.storyboard;
			sourceTree = "<group>";
		};
/* End PBXVariantGroup section */

/* Begin XCBuildConfiguration section */
		5B497068266DBFEF00436BDD /* Debug */ = {
			isa = XCBuildConfiguration;
			buildSettings = {
				ALWAYS_SEARCH_USER_PATHS = NO;
				CLANG_ANALYZER_NONNULL = YES;
				CLANG_ANALYZER_NUMBER_OBJECT_CONVERSION = YES_AGGRESSIVE;
				CLANG_CXX_LANGUAGE_STANDARD = "gnu++14";
				CLANG_CXX_LIBRARY = "libc++";
				CLANG_ENABLE_MODULES = YES;
				CLANG_ENABLE_OBJC_ARC = YES;
				CLANG_ENABLE_OBJC_WEAK = YES;
				CLANG_WARN_BLOCK_CAPTURE_AUTORELEASING = YES;
				CLANG_WARN_BOOL_CONVERSION = YES;
				CLANG_WARN_COMMA = YES;
				CLANG_WARN_CONSTANT_CONVERSION = YES;
				CLANG_WARN_DEPRECATED_OBJC_IMPLEMENTATIONS = YES;
				CLANG_WARN_DIRECT_OBJC_ISA_USAGE = YES_ERROR;
				CLANG_WARN_DOCUMENTATION_COMMENTS = YES;
				CLANG_WARN_EMPTY_BODY = YES;
				CLANG_WARN_ENUM_CONVERSION = YES;
				CLANG_WARN_INFINITE_RECURSION = YES;
				CLANG_WARN_INT_CONVERSION = YES;
				CLANG_WARN_NON_LITERAL_NULL_CONVERSION = YES;
				CLANG_WARN_OBJC_IMPLICIT_RETAIN_SELF = YES;
				CLANG_WARN_OBJC_LITERAL_CONVERSION = YES;
				CLANG_WARN_OBJC_ROOT_CLASS = YES_ERROR;
				CLANG_WARN_QUOTED_INCLUDE_IN_FRAMEWORK_HEADER = YES;
				CLANG_WARN_RANGE_LOOP_ANALYSIS = YES;
				CLANG_WARN_STRICT_PROTOTYPES = YES;
				CLANG_WARN_SUSPICIOUS_MOVE = YES;
				CLANG_WARN_UNGUARDED_AVAILABILITY = YES_AGGRESSIVE;
				CLANG_WARN_UNREACHABLE_CODE = YES;
				CLANG_WARN__DUPLICATE_METHOD_MATCH = YES;
				COPY_PHASE_STRIP = NO;
				DEBUG_INFORMATION_FORMAT = dwarf;
				ENABLE_STRICT_OBJC_MSGSEND = YES;
				ENABLE_TESTABILITY = YES;
				GCC_C_LANGUAGE_STANDARD = gnu11;
				GCC_DYNAMIC_NO_PIC = NO;
				GCC_NO_COMMON_BLOCKS = YES;
				GCC_OPTIMIZATION_LEVEL = 0;
				GCC_PREPROCESSOR_DEFINITIONS = (
					"DEBUG=1",
					"$(inherited)",
				);
				GCC_WARN_64_TO_32_BIT_CONVERSION = YES;
				GCC_WARN_ABOUT_RETURN_TYPE = YES_ERROR;
				GCC_WARN_UNDECLARED_SELECTOR = YES;
				GCC_WARN_UNINITIALIZED_AUTOS = YES_AGGRESSIVE;
				GCC_WARN_UNUSED_FUNCTION = YES;
				GCC_WARN_UNUSED_VARIABLE = YES;
				IPHONEOS_DEPLOYMENT_TARGET = 14.4;
				MTL_ENABLE_DEBUG_INFO = INCLUDE_SOURCE;
				MTL_FAST_MATH = YES;
				ONLY_ACTIVE_ARCH = YES;
				SDKROOT = iphoneos;
				SWIFT_ACTIVE_COMPILATION_CONDITIONS = DEBUG;
				SWIFT_OPTIMIZATION_LEVEL = "-Onone";
			};
			name = Debug;
		};
		5B497069266DBFEF00436BDD /* Release */ = {
			isa = XCBuildConfiguration;
			buildSettings = {
				ALWAYS_SEARCH_USER_PATHS = NO;
				CLANG_ANALYZER_NONNULL = YES;
				CLANG_ANALYZER_NUMBER_OBJECT_CONVERSION = YES_AGGRESSIVE;
				CLANG_CXX_LANGUAGE_STANDARD = "gnu++14";
				CLANG_CXX_LIBRARY = "libc++";
				CLANG_ENABLE_MODULES = YES;
				CLANG_ENABLE_OBJC_ARC = YES;
				CLANG_ENABLE_OBJC_WEAK = YES;
				CLANG_WARN_BLOCK_CAPTURE_AUTORELEASING = YES;
				CLANG_WARN_BOOL_CONVERSION = YES;
				CLANG_WARN_COMMA = YES;
				CLANG_WARN_CONSTANT_CONVERSION = YES;
				CLANG_WARN_DEPRECATED_OBJC_IMPLEMENTATIONS = YES;
				CLANG_WARN_DIRECT_OBJC_ISA_USAGE = YES_ERROR;
				CLANG_WARN_DOCUMENTATION_COMMENTS = YES;
				CLANG_WARN_EMPTY_BODY = YES;
				CLANG_WARN_ENUM_CONVERSION = YES;
				CLANG_WARN_INFINITE_RECURSION = YES;
				CLANG_WARN_INT_CONVERSION = YES;
				CLANG_WARN_NON_LITERAL_NULL_CONVERSION = YES;
				CLANG_WARN_OBJC_IMPLICIT_RETAIN_SELF = YES;
				CLANG_WARN_OBJC_LITERAL_CONVERSION = YES;
				CLANG_WARN_OBJC_ROOT_CLASS = YES_ERROR;
				CLANG_WARN_QUOTED_INCLUDE_IN_FRAMEWORK_HEADER = YES;
				CLANG_WARN_RANGE_LOOP_ANALYSIS = YES;
				CLANG_WARN_STRICT_PROTOTYPES = YES;
				CLANG_WARN_SUSPICIOUS_MOVE = YES;
				CLANG_WARN_UNGUARDED_AVAILABILITY = YES_AGGRESSIVE;
				CLANG_WARN_UNREACHABLE_CODE = YES;
				CLANG_WARN__DUPLICATE_METHOD_MATCH = YES;
				COPY_PHASE_STRIP = NO;
				DEBUG_INFORMATION_FORMAT = "dwarf-with-dsym";
				ENABLE_NS_ASSERTIONS = NO;
				ENABLE_STRICT_OBJC_MSGSEND = YES;
				GCC_C_LANGUAGE_STANDARD = gnu11;
				GCC_NO_COMMON_BLOCKS = YES;
				GCC_WARN_64_TO_32_BIT_CONVERSION = YES;
				GCC_WARN_ABOUT_RETURN_TYPE = YES_ERROR;
				GCC_WARN_UNDECLARED_SELECTOR = YES;
				GCC_WARN_UNINITIALIZED_AUTOS = YES_AGGRESSIVE;
				GCC_WARN_UNUSED_FUNCTION = YES;
				GCC_WARN_UNUSED_VARIABLE = YES;
				IPHONEOS_DEPLOYMENT_TARGET = 14.4;
				MTL_ENABLE_DEBUG_INFO = NO;
				MTL_FAST_MATH = YES;
				SDKROOT = iphoneos;
				SWIFT_COMPILATION_MODE = wholemodule;
				SWIFT_OPTIMIZATION_LEVEL = "-O";
				VALIDATE_PRODUCT = YES;
			};
			name = Release;
		};
		5B49706B266DBFEF00436BDD /* Debug */ = {
			isa = XCBuildConfiguration;
			buildSettings = {
				ASSETCATALOG_COMPILER_APPICON_NAME = AppIcon;
				ASSETCATALOG_COMPILER_GLOBAL_ACCENT_COLOR_NAME = AccentColor;
				CODE_SIGN_ENTITLEMENTS = "Worlds Hardest Game/Worlds Hardest Game.entitlements";
				CODE_SIGN_STYLE = Automatic;
				DEVELOPMENT_TEAM = 7B6A868M7K;
				INFOPLIST_FILE = "Worlds Hardest Game/Info.plist";
				LD_RUNPATH_SEARCH_PATHS = (
					"$(inherited)",
					"@executable_path/Frameworks",
				);
				PRODUCT_BUNDLE_IDENTIFIER = "com.RW.Worlds-Hardest-Game";
				PRODUCT_NAME = "$(TARGET_NAME)";
				SWIFT_VERSION = 5.0;
				TARGETED_DEVICE_FAMILY = "1,2";
			};
			name = Debug;
		};
		5B49706C266DBFEF00436BDD /* Release */ = {
			isa = XCBuildConfiguration;
			buildSettings = {
				ASSETCATALOG_COMPILER_APPICON_NAME = AppIcon;
				ASSETCATALOG_COMPILER_GLOBAL_ACCENT_COLOR_NAME = AccentColor;
				CODE_SIGN_ENTITLEMENTS = "Worlds Hardest Game/Worlds Hardest Game.entitlements";
				CODE_SIGN_STYLE = Automatic;
				DEVELOPMENT_TEAM = 7B6A868M7K;
				INFOPLIST_FILE = "Worlds Hardest Game/Info.plist";
				LD_RUNPATH_SEARCH_PATHS = (
					"$(inherited)",
					"@executable_path/Frameworks",
				);
				PRODUCT_BUNDLE_IDENTIFIER = "com.RW.Worlds-Hardest-Game";
				PRODUCT_NAME = "$(TARGET_NAME)";
				SWIFT_VERSION = 5.0;
				TARGETED_DEVICE_FAMILY = "1,2";
			};
			name = Release;
		};
		5B49706E266DBFEF00436BDD /* Debug */ = {
			isa = XCBuildConfiguration;
			buildSettings = {
				ALWAYS_EMBED_SWIFT_STANDARD_LIBRARIES = YES;
				BUNDLE_LOADER = "$(TEST_HOST)";
				CODE_SIGN_STYLE = Automatic;
				DEVELOPMENT_TEAM = 7B6A868M7K;
				INFOPLIST_FILE = "Worlds Hardest GameTests/Info.plist";
				IPHONEOS_DEPLOYMENT_TARGET = 14.4;
				LD_RUNPATH_SEARCH_PATHS = (
					"$(inherited)",
					"@executable_path/Frameworks",
					"@loader_path/Frameworks",
				);
				PRODUCT_BUNDLE_IDENTIFIER = "com.RW.Worlds-Hardest-GameTests";
				PRODUCT_NAME = "$(TARGET_NAME)";
				SWIFT_VERSION = 5.0;
				TARGETED_DEVICE_FAMILY = "1,2";
				TEST_HOST = "$(BUILT_PRODUCTS_DIR)/Worlds Hardest Game.app/Worlds Hardest Game";
			};
			name = Debug;
		};
		5B49706F266DBFEF00436BDD /* Release */ = {
			isa = XCBuildConfiguration;
			buildSettings = {
				ALWAYS_EMBED_SWIFT_STANDARD_LIBRARIES = YES;
				BUNDLE_LOADER = "$(TEST_HOST)";
				CODE_SIGN_STYLE = Automatic;
				DEVELOPMENT_TEAM = 7B6A868M7K;
				INFOPLIST_FILE = "Worlds Hardest GameTests/Info.plist";
				IPHONEOS_DEPLOYMENT_TARGET = 14.4;
				LD_RUNPATH_SEARCH_PATHS = (
					"$(inherited)",
					"@executable_path/Frameworks",
					"@loader_path/Frameworks",
				);
				PRODUCT_BUNDLE_IDENTIFIER = "com.RW.Worlds-Hardest-GameTests";
				PRODUCT_NAME = "$(TARGET_NAME)";
				SWIFT_VERSION = 5.0;
				TARGETED_DEVICE_FAMILY = "1,2";
				TEST_HOST = "$(BUILT_PRODUCTS_DIR)/Worlds Hardest Game.app/Worlds Hardest Game";
			};
			name = Release;
		};
		5B497071266DBFEF00436BDD /* Debug */ = {
			isa = XCBuildConfiguration;
			buildSettings = {
				ALWAYS_EMBED_SWIFT_STANDARD_LIBRARIES = YES;
				CODE_SIGN_STYLE = Automatic;
				DEVELOPMENT_TEAM = 7B6A868M7K;
				INFOPLIST_FILE = "Worlds Hardest GameUITests/Info.plist";
				LD_RUNPATH_SEARCH_PATHS = (
					"$(inherited)",
					"@executable_path/Frameworks",
					"@loader_path/Frameworks",
				);
				PRODUCT_BUNDLE_IDENTIFIER = "com.RW.Worlds-Hardest-GameUITests";
				PRODUCT_NAME = "$(TARGET_NAME)";
				SWIFT_VERSION = 5.0;
				TARGETED_DEVICE_FAMILY = "1,2";
				TEST_TARGET_NAME = "Worlds Hardest Game";
			};
			name = Debug;
		};
		5B497072266DBFEF00436BDD /* Release */ = {
			isa = XCBuildConfiguration;
			buildSettings = {
				ALWAYS_EMBED_SWIFT_STANDARD_LIBRARIES = YES;
				CODE_SIGN_STYLE = Automatic;
				DEVELOPMENT_TEAM = 7B6A868M7K;
				INFOPLIST_FILE = "Worlds Hardest GameUITests/Info.plist";
				LD_RUNPATH_SEARCH_PATHS = (
					"$(inherited)",
					"@executable_path/Frameworks",
					"@loader_path/Frameworks",
				);
				PRODUCT_BUNDLE_IDENTIFIER = "com.RW.Worlds-Hardest-GameUITests";
				PRODUCT_NAME = "$(TARGET_NAME)";
				SWIFT_VERSION = 5.0;
				TARGETED_DEVICE_FAMILY = "1,2";
				TEST_TARGET_NAME = "Worlds Hardest Game";
			};
			name = Release;
		};
/* End XCBuildConfiguration section */

/* Begin XCConfigurationList section */
		5B49703A266DBFEE00436BDD /* Build configuration list for PBXProject "Worlds Hardest Game" */ = {
			isa = XCConfigurationList;
			buildConfigurations = (
				5B497068266DBFEF00436BDD /* Debug */,
				5B497069266DBFEF00436BDD /* Release */,
			);
			defaultConfigurationIsVisible = 0;
			defaultConfigurationName = Release;
		};
		5B49706A266DBFEF00436BDD /* Build configuration list for PBXNativeTarget "Worlds Hardest Game" */ = {
			isa = XCConfigurationList;
			buildConfigurations = (
				5B49706B266DBFEF00436BDD /* Debug */,
				5B49706C266DBFEF00436BDD /* Release */,
			);
			defaultConfigurationIsVisible = 0;
			defaultConfigurationName = Release;
		};
		5B49706D266DBFEF00436BDD /* Build configuration list for PBXNativeTarget "Worlds Hardest GameTests" */ = {
			isa = XCConfigurationList;
			buildConfigurations = (
				5B49706E266DBFEF00436BDD /* Debug */,
				5B49706F266DBFEF00436BDD /* Release */,
			);
			defaultConfigurationIsVisible = 0;
			defaultConfigurationName = Release;
		};
		5B497070266DBFEF00436BDD /* Build configuration list for PBXNativeTarget "Worlds Hardest GameUITests" */ = {
			isa = XCConfigurationList;
			buildConfigurations = (
				5B497071266DBFEF00436BDD /* Debug */,
				5B497072266DBFEF00436BDD /* Release */,
			);
			defaultConfigurationIsVisible = 0;
			defaultConfigurationName = Release;
		};
/* End XCConfigurationList section */
	};
	rootObject = 5B497037266DBFEE00436BDD /* Project object */;
}
